
Microsoft Visual Studio Solution File, Format Version 11.00
# Visual Studio 2010
Project("{FAE04EC0-301F-11D3-BF4B-00C04F79EFBC}") = "Assembly-CSharp", "Assembly-CSharp.csproj", "{70e13f42-e12a-c339-7c9b-970d8ad2fbcc}"
EndProject
Project("{FAE04EC0-301F-11D3-BF4B-00C04F79EFBC}") = "GoogleMobileAds.Editor", "GoogleMobileAds.Editor.csproj", "{b0fb9111-6c0f-8b3a-0183-2570d7942dc9}"
EndProject
Global
	GlobalSection(SolutionConfigurationPlatforms) = preSolution
		Debug|Any CPU = Debug|Any CPU
	EndGlobalSection
	GlobalSection(ProjectConfigurationPlatforms) = postSolution
		{70e13f42-e12a-c339-7c9b-970d8ad2fbcc}.Debug|Any CPU.ActiveCfg = Debug|Any CPU
		{70e13f42-e12a-c339-7c9b-970d8ad2fbcc}.Debug|Any CPU.Build.0 = Debug|Any CPU
		{b0fb9111-6c0f-8b3a-0183-2570d7942dc9}.Debug|Any CPU.ActiveCfg = Debug|Any CPU
		{b0fb9111-6c0f-8b3a-0183-2570d7942dc9}.Debug|Any CPU.Build.0 = Debug|Any CPU
	EndGlobalSection
	GlobalSection(SolutionProperties) = preSolution
		HideSolutionNode = FALSE
	EndGlobalSection
EndGlobal
